github.com/OneOfOne/xxhash v1.2.2/go.mod h1:HSdplMjZKSmBqAxg5vPj2TmRDmfkzw+cTzAElWljhcU=
github.com/aws/aws-sdk-go v1.40.41 h1:v/Y4bB8+wHCONtKV+fuHTzLiqC08lk8e9HqYhRB9PBQ=
github.com/aws/aws-sdk-go v1.40.41/go.mod h1:585smgzpB/KqRA+K3y/NL/oYRqQvpNJYvLm+LY1U59Q=
github.com/cespare/xxhash v1.1.0/go.mod h1:XrSqR1VqqWfGrhpAt58auRo0WTKS1nRRg3ghfAqPWnc=
github.com/davecgh/go-spew v1.1.0/go.mod h1:J7Y8YcW2NihsgmVo/mv3lAwl/skON4iLHjSsI+c5H38=
github.com/davecgh/go-spew v1.1.1 h1:vj9j/u1bqnvCEfJOwUhtlOARqs3+rkHYY13jYWTU97c=
github.com/davecgh/go-spew v1.1.1/go.mod h1:J7Y8YcW2NihsgmVo/mv3lAwl/skON4iLHjSsI+c5H38=
github.com/dgraph-io/ristretto v0.0.3/go.mod h1:KPxhHT9ZxKefz+PCeOGsrHpl1qZ7i70dGTu2u+Ahh6E=
github.com/dgryski/go-farm v0.0.0-20190423205320-6a90982ecee2/go.mod h1:SqUrOPUnsFjfmXRMNPybcSiG0BgUW2AuFH8PAnS2iTw=
github.com/ferranbt/fastssz v0.0.0-20210526181520-7df50c8568f8/go.mod h1:DyEu2iuLBnb/T51BlsiO3yLYdJC6UbGMrIkqK1KmQxM=
github.com/ferranbt/fastssz v0.0.0-20210905181407-59cf6761a7d5 h1:6dVcS0LktRSyEEgldFY4N9J17WjUoiJStttH+RZj0Wo=
github.com/ferranbt/fastssz v0.0.0-20210905181407-59cf6761a7d5/go.mod h1:S8yiDeAXy8f88W4Ul+0dBMPx49S05byYbmZD6Uv94K4=
github.com/golang/snappy v0.0.3/go.mod h1:/XxbfmMg8lxefKM7IXC3fBNl/7bRcc72aCRzEWrmP2Q=
github.com/google/go-cmp v0.5.2 h1:X2ev0eStA3AbceY54o37/0PQ/UWqKEiiO2dKL5OPaFM=
github.com/google/go-cmp v0.5.2/go.mod h1:v8dTdLbMG2kIc/vJvl+f65V22dbkXbowE6jgT/gNBxE=
github.com/google/uuid v1.1.1/go.mod h1:TIyPZe4MgqvfeYDBFedMoGGpEw/LqOeaOT+nhxU+yHo=
github.com/google/uuid v1.2.0/go.mod h1:TIyPZe4MgqvfeYDBFedMoGGpEw/LqOeaOT+nhxU+yHo=
github.com/google/uuid v1.3.0 h1:t6JiXgmwXMjEs8VusXIJk2BXHsn+wx8BZdTaoZ5fu7I=
github.com/google/uuid v1.3.0/go.mod h1:TIyPZe4MgqvfeYDBFedMoGGpEw/LqOeaOT+nhxU+yHo=
github.com/herumi/bls-eth-go-binary v0.0.0-20210520070601-31246bfa8ac4/go.mod h1:luAnRm3OsMQeokhGzpYmc0ZKwawY7o87PUEP11Z7r7U=
github.com/herumi/bls-eth-go-binary v0.0.0-20210902234237-7763804ee078 h1:7V5qCWTKJ0T/9KjYo2dBFaIDEb2dvy3onu9nqOIIFDc=
github.com/herumi/bls-eth-go-binary v0.0.0-20210902234237-7763804ee078/go.mod h1:luAnRm3OsMQeokhGzpYmc0ZKwawY7o87PUEP11Z7r7U=
github.com/herumi/bls-eth-go-binary v0.0.0-20210917013441-d37c07cfda4e h1:wCMygKUQhmcQAjlk2Gquzq6dLmyMv2kF+llRspoRgrk=
github.com/herumi/bls-eth-go-binary v0.0.0-20210917013441-d37c07cfda4e/go.mod h1:luAnRm3OsMQeokhGzpYmc0ZKwawY7o87PUEP11Z7r7U=
github.com/jmespath/go-jmespath v0.4.0 h1:BEgLn5cpjn8UN1mAw4NjwDrS35OdebyEtFe+9YPoQUg=
github.com/jmespath/go-jmespath v0.4.0/go.mod h1:T8mJZnbsbmF+m6zOOFylbeCJqk5+pHWvzYPziyZiYoo=
github.com/jmespath/go-jmespath/internal/testify v1.5.1 h1:shLQSRRSCCPj3f2gpwzGwWFoC7ycTf1rcQZHOlsJ6N8=
github.com/jmespath/go-jmespath/internal/testify v1.5.1/go.mod h1:L3OGu8Wl2/fWfCI6z80xFu9LTZmf1ZRjMHUOPmWr69U=
github.com/klauspost/cpuid/v2 v2.0.4/go.mod h1:FInQzS24/EEf25PyTYn52gqo7WaD8xa0213Md/qVLRg=
github.com/klauspost/cpuid/v2 v2.0.6/go.mod h1:FInQzS24/EEf25PyTYn52gqo7WaD8xa0213Md/qVLRg=
github.com/klauspost/cpuid/v2 v2.0.9 h1:lgaqFMSdTdQYdZ04uHyN2d/eKdOMyi2YLSvlQIBFYa4=
github.com/klauspost/cpuid/v2 v2.0.9/go.mod h1:FInQzS24/EEf25PyTYn52gqo7WaD8xa0213Md/qVLRg=
github.com/kr/pretty v0.1.0 h1:L/CwN0zerZDmRFUapSPitk6f+Q3+0za1rQkzVuMiMFI=
github.com/kr/pretty v0.1.0/go.mod h1:dAy3ld7l9f0ibDNOQOHHMYYIIbhfbHSm3C4ZsoJORNo=
github.com/kr/pty v1.1.1/go.mod h1:pFQYn66WHrOpPYNljwOMqo10TkYh1fy3cYio2l3bCsQ=
github.com/kr/text v0.1.0 h1:45sCR5RtlFHMR4UwH9sdQ5TC8v0qDQCHnXt+kaKSTVE=
github.com/kr/text v0.1.0/go.mod h1:4Jbv+DJW3UT/LiOwJeYQe1efqtUx/iVham/4vfdArNI=
github.com/minio/sha256-simd v0.1.1/go.mod h1:B5e1o+1/KgNmWrSQK08Y6Z1Vb5pwIktudl0J58iy0KM=
github.com/minio/sha256-simd v1.0.0 h1:v1ta+49hkWZyvaKwrQB8elexRqm6Y0aMLjCNsrYxo6g=
github.com/minio/sha256-simd v1.0.0/go.mod h1:OuYzVNI5vcoYIAmbIvHPl3N3jUzVedXbKy5RFepssQM=
github.com/mitchellh/mapstructure v1.3.2/go.mod h1:bFUtVrKA4DC2yAKiSyO/QUcy7e+RRV2QTWOzhPopBRo=
github.com/mitchellh/mapstructure v1.4.1 h1:CpVNEelQCZBooIPDn+AR3NpivK/TIKU8bDxdASFVQag=
github.com/mitchellh/mapstructure v1.4.1/go.mod h1:bFUtVrKA4DC2yAKiSyO/QUcy7e+RRV2QTWOzhPopBRo=
github.com/mitchellh/mapstructure v1.4.2 h1:6h7AQ0yhTcIsmFmnAwQls75jp2Gzs4iB8W7pjMO+rqo=
github.com/mitchellh/mapstructure v1.4.2/go.mod h1:bFUtVrKA4DC2yAKiSyO/QUcy7e+RRV2QTWOzhPopBRo=
github.com/pkg/errors v0.8.1/go.mod h1:bwawxfHBFNV+L2hUp1rHADufV3IMtnDRdf1r5NINEl0=
github.com/pkg/errors v0.9.1 h1:FEBLx1zS214owpjy7qsBeixbURkuhQAwrK5UwLGTwt4=
github.com/pkg/errors v0.9.1/go.mod h1:bwawxfHBFNV+L2hUp1rHADufV3IMtnDRdf1r5NINEl0=
github.com/pmezard/go-difflib v1.0.0 h1:4DBwDE0NGyQoBHbLQYPwSUPoCMWR5BEzIk/f1lZbAQM=
github.com/pmezard/go-difflib v1.0.0/go.mod h1:iKH77koFhYxTK1pcRnkKkqfTogsbg7gZNVY4sRDYZ/4=
github.com/shibukawa/configdir v0.0.0-20170330084843-e180dbdc8da0 h1:Xuk8ma/ibJ1fOy4Ee11vHhUFHQNpHhrBneOCNHVXS5w=
github.com/shibukawa/configdir v0.0.0-20170330084843-e180dbdc8da0/go.mod h1:7AwjWCpdPhkSmNAgUv5C7EJ4AbmjEB3r047r3DXWu3Y=
github.com/spaolacci/murmur3 v0.0.0-20180118202830-f09979ecbc72/go.mod h1:JwIasOWyU6f++ZhiEuf87xNszmSA2myDM2Kzu9HwQUA=
github.com/stretchr/objx v0.1.0/go.mod h1:HFkY916IF+rwdDfMAkV7OtwuqBVzrE8GR6GFx+wExME=
github.com/stretchr/objx v0.3.0/go.mod h1:qt09Ya8vawLte6SNmTgCsAVtYtaKzEcn8ATUoHMkEqE=
github.com/stretchr/testify v1.3.0/go.mod h1:M5WIy9Dh21IEIfnGCwXGc5bZfKNJtfHm1UVUgZn+9EI=
github.com/stretchr/testify v1.4.0/go.mod h1:j7eGeouHqKxXV5pUuKE4zz7dFj8WfuZ+81PSLYec5m4=
github.com/stretchr/testify v1.5.1/go.mod h1:5W2xD1RspED5o8YsWQXVCued0rvSQ+mT+I5cxcmMvtA=
github.com/stretchr/testify v1.6.1/go.mod h1:6Fq8oRcR53rry900zMqJjRRixrwX3KX962/h/Wwjteg=
github.com/stretchr/testify v1.7.0 h1:nwc3DEeHmmLAfoZucVR881uASk0Mfjw8xYJ99tb5CcY=
github.com/stretchr/testify v1.7.0/go.mod h1:6Fq8oRcR53rry900zMqJjRRixrwX3KX962/h/Wwjteg=
github.com/wealdtech/go-bytesutil v1.0.1/go.mod h1:jENeMqeTEU8FNZyDFRVc7KqBdRKSnJ9CCh26TcuNb9s=
github.com/wealdtech/go-bytesutil v1.1.1 h1:ocEg3Ke2GkZ4vQw5lp46rmO+pfqCCTgq35gqOy8JKVc=
github.com/wealdtech/go-bytesutil v1.1.1/go.mod h1:jENeMqeTEU8FNZyDFRVc7KqBdRKSnJ9CCh26TcuNb9s=
github.com/wealdtech/go-ecodec v1.1.1/go.mod h1:PSdBFEB6cltdT7V4E1jbboufMZTZXcQOKG/2PeEjKK4=
github.com/wealdtech/go-ecodec v1.1.2 h1:CcNBnFV6b8IoDtu8wj6cfrmuBRBw00VYqsvpT4+I44w=
github.com/wealdtech/go-ecodec v1.1.2/go.mod h1:0Rgn8mEr0GX4fDyuU3aUL+xp4n17Wviscasp6rWCh10=
github.com/wealdtech/go-eth2-types/v2 v2.5.5/go.mod h1:QY9t7nwxc26C9/iZHh1wzc+hZbGGn7ipgjMYPhKnN/0=
github.com/wealdtech/go-eth2-types/v2 v2.5.6 h1:Lf68vvyJbCMX8g9WysEqQBEOUn+44IUI7w3uoQtG6NQ=
github.com/wealdtech/go-eth2-types/v2 v2.5.6/go.mod h1:SX7+QxnhXGxeW8tESzJ/BSIXvoflBHUi21chqRsZ9wE=
github.com/wealdtech/go-eth2-types/v2 v2.6.0 h1:djgMv1A40bstgkg6L1ZA7eowR/Gbmj1ZWnBdrK39lhY=
github.com/wealdtech/go-eth2-types/v2 v2.6.0/go.mod h1:psOez/ZRBzZSDl5hiNDwRf5ZqQujNE6h5FxAz09Koxg=
github.com/wealdtech/go-eth2-util v1.6.5 h1:FAdcuwYagSkdDEUvYc3h/lHDvS6/lYGQLrFX11/AoNA=
github.com/wealdtech/go-eth2-util v1.6.5/go.mod h1:L0OLqIfgfYSPQAzGm1E9T3AwzCWfXu0woLGzm6vwlp4=
github.com/wealdtech/go-eth2-util v1.7.0 h1:bgCnZ4H5K5VE+CiAwFTKhrICItq5rI+5VYaODFWC6is=
github.com/wealdtech/go-eth2-util v1.7.0/go.mod h1:L0q3G7S1Dm1WJPye5m2wjuNweXC98o1CmLTKPmBTlpg=
github.com/wealdtech/go-eth2-wallet-distributed v1.1.4 h1:EBk/FofiQWtbRYmwdCp0qM9TPDvlh1LN2yjlLr4W3ao=
github.com/wealdtech/go-eth2-wallet-distributed v1.1.4/go.mod h1:Y31pDxcdyADwfQl65t8V6KhcmCes31EXkXZPDcT2SIk=
github.com/wealdtech/go-eth2-wallet-encryptor-keystorev4 v1.1.6 h1:FJG3id7nS6fsHbb15vmmPp4ddX5xh8S5HHCSHOPMh4U=
github.com/wealdtech/go-eth2-wallet-encryptor-keystorev4 v1.1.6/go.mod h1:hIeHsLJWVxFUUqQqaBm9nmUW3Y/eHneQclYyNayUeQg=
github.com/wealdtech/go-eth2-wallet-encryptor-keystorev4 v1.2.0 h1:HgIK30YsXxgR6Ra6pvxW1KFUPbx7BpIIK1VGhOlmCm4=
github.com/wealdtech/go-eth2-wallet-encryptor-keystorev4 v1.2.0/go.mod h1:qqIU42c9sXcNYsiEjUQoOOWYZfZDL1zmyLtz3t+wN2s=
github.com/wealdtech/go-eth2-wallet-encryptor-unencrypted v1.0.1 h1:x6bq8cVgRgfhwtSQSYo/9AqJ8qEeaS6af28cW0cVj5U=
github.com/wealdtech/go-eth2-wallet-encryptor-unencrypted v1.0.1/go.mod h1:49K88T/4LNQpB8ghVcjTKeRRi/bZHeYjN8Ef5S23yps=
github.com/wealdtech/go-eth2-wallet-hd/v2 v2.5.5 h1:QjcZVNxKhJTMI2GQz1RomOTznwn5fFeR6lhgRSj/iVI=
github.com/wealdtech/go-eth2-wallet-hd/v2 v2.5.5/go.mod h1:JtijS7gyyJ36/m6OF7soFdy9dk8SFHLlOdO6rCRVoMI=
github.com/wealdtech/go-eth2-wallet-hd/v2 v2.6.0 h1:Oy5TsD6HqZzb3MwGOe+5WVCj4pCKKUYYc2OKyN42QCM=
github.com/wealdtech/go-eth2-wallet-hd/v2 v2.6.0/go.mod h1:Y3aymm4LFyYV2g0hRQSswLAYPiWmvVLSoKVhig1aXFI=
github.com/wealdtech/go-eth2-wallet-nd/v2 v2.3.4 h1:EPXWSq8xgyalqEhY/oT/nwDlObg8SA/d6KDiC2K6l14=
github.com/wealdtech/go-eth2-wallet-nd/v2 v2.3.4/go.mod h1:cOWibbrdjGigZC1xJB6TFjGir346b01iJ8sAHbkX2J8=
github.com/wealdtech/go-eth2-wallet-nd/v2 v2.4.0 h1:qjhSuUpNKOpNREurSiz3FpLEwr/7mi5xXFJi7KY+Adc=
github.com/wealdtech/go-eth2-wallet-nd/v2 v2.4.0/go.mod h1:i95ceNREFwNOQn/17ezSoVPIiMghsX8RxxSM0s3K+gc=
github.com/wealdtech/go-eth2-wallet-store-filesystem v1.16.15 h1:ch8Xlt03gqJQSNoJmrWy/xab2rbepaR1SmdDCaN5rXE=
github.com/wealdtech/go-eth2-wallet-store-filesystem v1.16.15/go.mod h1:v/JATYJQsInMeu8TXLBIuFnlEmU5KP6Uuoojl1C1OJ0=
github.com/wealdtech/go-eth2-wallet-store-filesystem v1.17.0 h1:cq7k9osiIkaYrdpetPQgk3ozl/dFvmxW364OC/uNuww=
github.com/wealdtech/go-eth2-wallet-store-filesystem v1.17.0/go.mod h1:Fiw5If3/mgH+qYRKIH+kTpZZ3r6z2KgHUiE5Vf/QrfE=
github.com/wealdtech/go-eth2-wallet-store-s3 v1.9.5 h1:dqHT1gh66Ge1UjToG2NbQJBTJQYeKlFeOftO6yWCCOM=
github.com/wealdtech/go-eth2-wallet-store-s3 v1.9.5/go.mod h1:llrwQoCkaHlk7nELxG72LKgsH7CjxiGzy6cvdNg1tjc=
github.com/wealdtech/go-eth2-wallet-store-s3 v1.10.0 h1:WallseqmiLdB6eSLMj7NFERhM10cp7g9Dhyk28xcK3k=
github.com/wealdtech/go-eth2-wallet-store-s3 v1.10.0/go.mod h1:DhAm7si8N/5qU1sZ/RLavm87LsOthnWuRyQaGWNFiyI=
github.com/wealdtech/go-eth2-wallet-store-scratch v1.6.3 h1:+kgJtBHYQQQ4gAmUHxKeAVXzGGFmcOwCjC1JiY7j7Wo=
github.com/wealdtech/go-eth2-wallet-store-scratch v1.6.3/go.mod h1:V4NUofSBIyzoqc5cNZaGciaDm2WFAgSQikRslOyh5Tg=
github.com/wealdtech/go-eth2-wallet-store-scratch v1.7.0 h1:1dMKx9jtw1v9JrwOPFf2JaOQKmvpMp1GEeuMRiNfq5o=
github.com/wealdtech/go-eth2-wallet-store-scratch v1.7.0/go.mod h1:O7BitrDeQVtBFNnvYmOYLzJCZAiCf5ur/4IRucIz+S0=
github.com/wealdtech/go-eth2-wallet-types/v2 v2.8.4/go.mod h1:+5Hy4MMmX1x/5gSU2C+ucHYv6W3WVYELGzaeGipIcQs=
github.com/wealdtech/go-eth2-wallet-types/v2 v2.8.5 h1:R6RCZFqwrYYZJq6MVlJP0ekNdWdEG+guunJP9YQuiuQ=
github.com/wealdtech/go-eth2-wallet-types/v2 v2.8.5/go.mod h1:pEQC6Y6K+g4yVrdt4TtlRjUDCzkseOm6yxB4jLCsAkc=
github.com/wealdtech/go-eth2-wallet-types/v2 v2.9.0 h1:XqWgsONVqsPvciuEXxM/QU4hYouBVk0+5/pGqDMGUHQ=
github.com/wealdtech/go-eth2-wallet-types/v2 v2.9.0/go.mod h1:7Ad2xp27vOQRQWQsIeHBdU/YiyEt6klBeh5gwnNnlwE=
github.com/wealdtech/go-indexer v1.0.0 h1:/S4rfWQbSOnnYmwnvuTVatDibZ8o1s9bmTCHO16XINg=
github.com/wealdtech/go-indexer v1.0.0/go.mod h1:u1cjsbsOXsm5jzJDyLmZY7GsrdX8KYXKBXkZcAmk3Zg=
golang.org/x/crypto v0.0.0-20190308221718-c2843e01d9a2/go.mod h1:djNgcEr1/C05ACkg1iLfiJU5Ep61QUkGW8qpdssI0+w=
golang.org/x/crypto v0.0.0-20191105034135-c7e5f84aec59/go.mod h1:LzIPMQfyMNhhGPhUkYOs5KpL4U8rLKemX1yGLhDgUto=
golang.org/x/crypto v0.0.0-20210817164053-32db794688a5 h1:HWj/xjIHfjYU5nVXpTM0s39J9CbLn7Cc5a7IC5rwsMQ=
golang.org/x/crypto v0.0.0-20210817164053-32db794688a5/go.mod h1:GvvjBRRGRdwPK5ydBHafDWAxML/pGHZbMvKqRZ5+Abc=
golang.org/x/crypto v0.0.0-20210921155107-089bfa567519 h1:7I4JAnoQBe7ZtJcBaYHi5UtiO8tQHbUSXxL+pnGRANg=
golang.org/x/crypto v0.0.0-20210921155107-089bfa567519/go.mod h1:GvvjBRRGRdwPK5ydBHafDWAxML/pGHZbMvKqRZ5+Abc=
golang.org/x/net v0.0.0-20190404232315-eb5bcb51f2a3/go.mod h1:t9HGtf8HONx5eT2rtn7q6eTqICYqUVnKs3thJo3Qplg=
golang.org/x/net v0.0.0-20210226172049-e18ecbb05110/go.mod h1:m0MpNAwzfU5UDzcl9v0D8zg8gWTRqZa9RBIspLL5mdg=
golang.org/x/net v0.0.0-20210614182718-04defd469f4e h1:XpT3nA5TvE525Ne3hInMh6+GETgn27Zfm9dxsThnX2Q=
golang.org/x/net v0.0.0-20210614182718-04defd469f4e/go.mod h1:9nx3DQGgdP8bBQD5qxJ1jj9UTztislL4KSBs9R2vV5Y=
golang.org/x/sys v0.0.0-20190215142949-d0b11bdaac8a/go.mod h1:STP8DvDyc/dI5b8T5hshtkjS+E42TnysNCUPdjciGhY=
golang.org/x/sys v0.0.0-20190412213103-97732733099d/go.mod h1:h1NjWce9XRLGQEsW7wpKNCjG9DtNlClVuFLEZdDNbEs=
golang.org/x/sys v0.0.0-20200625212154-ddb9806d33ae/go.mod h1:h1NjWce9XRLGQEsW7wpKNCjG9DtNlClVuFLEZdDNbEs=
golang.org/x/sys v0.0.0-20201119102817-f84b799fce68/go.mod h1:h1NjWce9XRLGQEsW7wpKNCjG9DtNlClVuFLEZdDNbEs=
golang.org/x/sys v0.0.0-20210423082822-04245dca01da/go.mod h1:h1NjWce9XRLGQEsW7wpKNCjG9DtNlClVuFLEZdDNbEs=
golang.org/x/sys v0.0.0-20210615035016-665e8c7367d1/go.mod h1:oPkhp1MJrh7nUepCBck5+mAzfO9JrbApNNgaTdGDITg=
golang.org/x/sys v0.0.0-20210910150752-751e447fb3d0 h1:xrCZDmdtoloIiooiA9q0OQb9r8HejIHYoHGhGCe1pGg=
golang.org/x/sys v0.0.0-20210910150752-751e447fb3d0/go.mod h1:oPkhp1MJrh7nUepCBck5+mAzfO9JrbApNNgaTdGDITg=
golang.org/x/sys v0.0.0-20210923061019-b8560ed6a9b7 h1:c20P3CcPbopVp2f7099WLOqSNKURf30Z0uq66HpijZY=
golang.org/x/sys v0.0.0-20210923061019-b8560ed6a9b7/go.mod h1:oPkhp1MJrh7nUepCBck5+mAzfO9JrbApNNgaTdGDITg=
golang.org/x/term v0.0.0-20201126162022-7de9c90e9dd1/go.mod h1:bj7SfCRtBDWHUb9snDiAeCFNEtKQo2Wmx5Cou7ajbmo=
golang.org/x/text v0.3.0/go.mod h1:NqM8EUOU14njkJ3fqMW+pc6Ldnwhi/IjpwHt7yyuwOQ=
golang.org/x/text v0.3.3/go.mod h1:5Zoc/QRtKVWzQhOtBMvqHzDpF6irO9z98xDceosuGiQ=
golang.org/x/text v0.3.6/go.mod h1:5Zoc/QRtKVWzQhOtBMvqHzDpF6irO9z98xDceosuGiQ=
golang.org/x/text v0.3.7 h1:olpwvP2KacW1ZWvsR7uQhoyTYvKAupfQrRGBFM352Gk=
golang.org/x/text v0.3.7/go.mod h1:u+2+/6zg+i71rQMx5EYifcz6MCKuco9NR6JIITiCfzQ=
golang.org/x/tools v0.0.0-20180917221912-90fa682c2a6e/go.mod h1:n7NCudcB/nEzxVGmLbDWY5pfWTLqBcC2KZ6jyYvM4mQ=
golang.org/x/xerrors v0.0.0-20191204190536-9bdfabe68543 h1:E7g+9GITq07hpfrRu66IVDexMakfv52eLZ2CXBWiKr4=
golang.org/x/xerrors v0.0.0-20191204190536-9bdfabe68543/go.mod h1:I/5z698sn9Ka8TeJc9MKroUUfqBBauWjQqLJ2OPfmY0=
gopkg.in/check.v1 v0.0.0-20161208181325-20d25e280405/go.mod h1:Co6ibVJAznAaIkqp8huTwlJQCZ016jof/cbN4VW5Yz0=
gopkg.in/check.v1 v1.0.0-20190902080502-41f04d3bba15 h1:YR8cESwS4TdDjEe65xsg0ogRM/Nc3DYOhEAlW+xobZo=
gopkg.in/check.v1 v1.0.0-20190902080502-41f04d3bba15/go.mod h1:Co6ibVJAznAaIkqp8huTwlJQCZ016jof/cbN4VW5Yz0=
gopkg.in/yaml.v2 v2.2.2/go.mod h1:hI93XBmqTisBFMUTm0b8Fm+jr3Dg1NNxqwp+5A1VGuI=
gopkg.in/yaml.v2 v2.2.8/go.mod h1:hI93XBmqTisBFMUTm0b8Fm+jr3Dg1NNxqwp+5A1VGuI=
gopkg.in/yaml.v2 v2.3.0/go.mod h1:hI93XBmqTisBFMUTm0b8Fm+jr3Dg1NNxqwp+5A1VGuI=
gopkg.in/yaml.v2 v2.4.0 h1:D8xgwECY7CYvx+Y2n4sBz93Jn9JRvxdiyyo8CTfuKaY=
gopkg.in/yaml.v2 v2.4.0/go.mod h1:RDklbk79AGWmwhnvt/jBztapEOGDOx6ZbXqjP6csGnQ=
gopkg.in/yaml.v3 v3.0.0-20200313102051-9f266ea9e77c/go.mod h1:K4uyk7z7BCEPqu6E+C64Yfv1cQ7kz7rIZviUmN+EgEM=
gopkg.in/yaml.v3 v3.0.0-20210107192922-496545a6307b h1:h8qDotaEPuJATrMmW04NCwg7v22aHH28wwpauUhK9Oo=
gopkg.in/yaml.v3 v3.0.0-20210107192922-496545a6307b/go.mod h1:K4uyk7z7BCEPqu6E+C64Yfv1cQ7kz7rIZviUmN+EgEM=
gotest.tools v2.2.0+incompatible h1:VsBPFP1AI068pPrMxtb/S8Zkgf9xEmTLJjfM+P5UIEo=
gotest.tools v2.2.0+incompatible/go.mod h1:DsYFclhRJ6vuDpmuTbkuFWG+y2sxOXAzmJt81HFBacw=
