github.com/aws/aws-sdk-go v1.44.312 h1:llrElfzeqG/YOLFFKjg1xNpZCFJ2xraIi3PqSuP+95k=
github.com/aws/aws-sdk-go v1.44.312/go.mod h1:aVsgQcEevwlmQ7qHE9I3h+dtQgpqhFB+i8Phjh7fkwI=
github.com/davecgh/go-spew v1.1.0/go.mod h1:J7Y8YcW2NihsgmVo/mv3lAwl/skON4iLHjSsI+c5H38=
github.com/davecgh/go-spew v1.1.1 h1:vj9j/u1bqnvCEfJOwUhtlOARqs3+rkHYY13jYWTU97c=
github.com/davecgh/go-spew v1.1.1/go.mod h1:J7Y8YcW2NihsgmVo/mv3lAwl/skON4iLHjSsI+c5H38=
github.com/ferranbt/fastssz v0.1.3 h1:ZI+z3JH05h4kgmFXdHuR1aWYsgrg7o+Fw7/NCzM16Mo=
github.com/ferranbt/fastssz v0.1.3/go.mod h1:0Y9TEd/9XuFlh7mskMPfXiI2Dkw4Ddg9EyXt1W7MRvE=
github.com/google/go-cmp v0.5.9 h1:O2Tfq5qg4qc4AmwVlvv0oLiVAGB7enBSJ2x2DqQFi38=
github.com/google/go-cmp v0.5.9/go.mod h1:17dUlkBOakJ0+DkrSSNjCkIjxS6bF9zb3elmeNGIjoY=
github.com/google/uuid v1.3.0 h1:t6JiXgmwXMjEs8VusXIJk2BXHsn+wx8BZdTaoZ5fu7I=
github.com/google/uuid v1.3.0/go.mod h1:TIyPZe4MgqvfeYDBFedMoGGpEw/LqOeaOT+nhxU+yHo=
github.com/herumi/bls-eth-go-binary v1.31.0 h1:9eeW3EA4epCb7FIHt2luENpAW69MvKGL5jieHlBiP+w=
github.com/herumi/bls-eth-go-binary v1.31.0/go.mod h1:luAnRm3OsMQeokhGzpYmc0ZKwawY7o87PUEP11Z7r7U=
github.com/jmespath/go-jmespath v0.4.0 h1:BEgLn5cpjn8UN1mAw4NjwDrS35OdebyEtFe+9YPoQUg=
github.com/jmespath/go-jmespath v0.4.0/go.mod h1:T8mJZnbsbmF+m6zOOFylbeCJqk5+pHWvzYPziyZiYoo=
github.com/jmespath/go-jmespath/internal/testify v1.5.1 h1:shLQSRRSCCPj3f2gpwzGwWFoC7ycTf1rcQZHOlsJ6N8=
github.com/jmespath/go-jmespath/internal/testify v1.5.1/go.mod h1:L3OGu8Wl2/fWfCI6z80xFu9LTZmf1ZRjMHUOPmWr69U=
github.com/klauspost/cpuid/v2 v2.2.5 h1:0E5MSMDEoAulmXNFquVs//DdoomxaoTY1kUhbc/qbZg=
github.com/klauspost/cpuid/v2 v2.2.5/go.mod h1:Lcz8mBdAVJIBVzewtcLocK12l3Y+JytZYpaMropDUws=
github.com/minio/sha256-simd v1.0.1 h1:6kaan5IFmwTNynnKKpDHe6FWHohJOHhCPchzK49dzMM=
github.com/minio/sha256-simd v1.0.1/go.mod h1:Pz6AKMiUdngCLpeTL/RJY1M9rUuPMYujV5xJjtbRSN8=
github.com/mitchellh/mapstructure v1.5.0 h1:jeMsZIYE/09sWLaz43PL7Gy6RuMjD2eJVyuac5Z2hdY=
github.com/mitchellh/mapstructure v1.5.0/go.mod h1:bFUtVrKA4DC2yAKiSyO/QUcy7e+RRV2QTWOzhPopBRo=
github.com/pkg/errors v0.9.1 h1:FEBLx1zS214owpjy7qsBeixbURkuhQAwrK5UwLGTwt4=
github.com/pkg/errors v0.9.1/go.mod h1:bwawxfHBFNV+L2hUp1rHADufV3IMtnDRdf1r5NINEl0=
github.com/pmezard/go-difflib v1.0.0 h1:4DBwDE0NGyQoBHbLQYPwSUPoCMWR5BEzIk/f1lZbAQM=
github.com/pmezard/go-difflib v1.0.0/go.mod h1:iKH77koFhYxTK1pcRnkKkqfTogsbg7gZNVY4sRDYZ/4=
github.com/shibukawa/configdir v0.0.0-20170330084843-e180dbdc8da0 h1:Xuk8ma/ibJ1fOy4Ee11vHhUFHQNpHhrBneOCNHVXS5w=
github.com/shibukawa/configdir v0.0.0-20170330084843-e180dbdc8da0/go.mod h1:7AwjWCpdPhkSmNAgUv5C7EJ4AbmjEB3r047r3DXWu3Y=
github.com/stretchr/objx v0.1.0/go.mod h1:HFkY916IF+rwdDfMAkV7OtwuqBVzrE8GR6GFx+wExME=
github.com/stretchr/testify v1.8.4 h1:CcVxjf3Q8PM0mHUKJCdn+eZZtm5yQwehR5yeSVQQcUk=
github.com/stretchr/testify v1.8.4/go.mod h1:sz/lmYIOXD/1dqDmKjjqLyZ2RngseejIcXlSw2iwfAo=
github.com/umbracle/gohashtree v0.0.2-alpha.0.20230207094856-5b775a815c10 h1:CQh33pStIp/E30b7TxDlXfM0145bn2e8boI30IxAhTg=
github.com/wealdtech/go-bytesutil v1.2.1 h1:TjuRzcG5KaPwaR5JB7L/OgJqMQWvlrblA1n0GfcXFSY=
github.com/wealdtech/go-bytesutil v1.2.1/go.mod h1:RhUDUGT1F4UP4ydqbYp2MWJbAel3M+mKd057Pad7oag=
github.com/wealdtech/go-ecodec v1.1.4 h1:iHx9/X3Szn1Q5RbZmk5l8A1TdUDXtAFb21gJH1JcO5A=
github.com/wealdtech/go-ecodec v1.1.4/go.mod h1:zEblpCFdl9xZlcNYoDL9o6U7YtzY+eWzOao13UVe4j0=
github.com/wealdtech/go-eth2-types/v2 v2.8.2 h1:b5aXlNBLKgjAg/Fft9VvGlqAUCQMP5LzYhlHRrr4yPg=
github.com/wealdtech/go-eth2-types/v2 v2.8.2/go.mod h1:IAz9Lz1NVTaHabQa+4zjk2QDKMv8LVYo0n46M9o/TXw=
github.com/wealdtech/go-eth2-util v1.8.2 h1:gq+JMrnadifyKadUr75wmfP7+usiqMu9t3VVoob5Dvo=
github.com/wealdtech/go-eth2-util v1.8.2/go.mod h1:/80GAK0K/3+PqUBZHvaOPd3b1sjHeimxQh1nrJzgaPk=
github.com/wealdtech/go-eth2-wallet-distributed v1.2.2 h1:O6nfhMRTUpblOzj8KiCLFgQAyAqrv2dweorzss/V6PU=
github.com/wealdtech/go-eth2-wallet-distributed v1.2.2/go.mod h1:jYkDax2VhUNKIct6TVlgxAagvR56/eg7y7J+JFq+gDo=
github.com/wealdtech/go-eth2-wallet-encryptor-keystorev4 v1.4.1 h1:9j7bpwjT9wmwBb54ZkBhTm1uNIlFFcCJXefd/YskZPw=
github.com/wealdtech/go-eth2-wallet-encryptor-keystorev4 v1.4.1/go.mod h1:+tI1VD76E1WINI+Nstg7RVGpUolL5ql10nu2YztMO/4=
github.com/wealdtech/go-eth2-wallet-encryptor-unencrypted v1.0.2 h1:IMIyl70hbJlxOkgTcCK//3vKe5ylhGIk6oUlIlK9xp0=
github.com/wealdtech/go-eth2-wallet-encryptor-unencrypted v1.0.2/go.mod h1:T8nyAscWIWNcNa6EG/19PwH/OCt2Ly7Orn5okmiuSP4=
github.com/wealdtech/go-eth2-wallet-hd/v2 v2.7.2 h1:7wB8j12LVdUR/IFLmwTxdXfuTvpXSn4yj+ZD1OhDSJY=
github.com/wealdtech/go-eth2-wallet-hd/v2 v2.7.2/go.mod h1:aWgnEi07w1L9wMBRB69sYvoEONppAUly6FDQRWQGqH8=
github.com/wealdtech/go-eth2-wallet-keystore v1.0.2 h1:OseWEBvr13voALVCdg7ojsU3Kly/FPR9sCadnsx3/tM=
github.com/wealdtech/go-eth2-wallet-keystore v1.0.2/go.mod h1:SjHHqYS0IragcGcOkbFqjX0lIxRe4d0mE7tPiR+R7HI=
github.com/wealdtech/go-eth2-wallet-nd/v2 v2.5.1 h1:bSdDCn+o4wq5MHogGkUtqbPp6Z7Tndt2qBb1zjof96Y=
github.com/wealdtech/go-eth2-wallet-nd/v2 v2.5.1/go.mod h1:kBZUZogqwvvxulEvXi5l6OjZyd7EBmCKxce5Q+lW7fs=
github.com/wealdtech/go-eth2-wallet-store-filesystem v1.18.1 h1:Ceq74WL57jdBQnrZJFJyGRBKOOFI5wwq9VoxeAbjoEk=
github.com/wealdtech/go-eth2-wallet-store-filesystem v1.18.1/go.mod h1:woTpldN8qThnmya/0yeD+a3u/3Zj42u6/ijgF9CGaz8=
github.com/wealdtech/go-eth2-wallet-store-s3 v1.12.0 h1:noknYCbHw2soPhwke1LvC99Kk/2CLN787KcgxdZ7OGo=
github.com/wealdtech/go-eth2-wallet-store-s3 v1.12.0/go.mod h1:1lSVxfQynUAd5u46rCeAI8wCl8S44lZsNYYXlxVAvwU=
github.com/wealdtech/go-eth2-wallet-store-scratch v1.7.2 h1:TwOt7bEHsVe6dKJb7XuUG7m06gaBGPCQlBk24Ql8Mws=
github.com/wealdtech/go-eth2-wallet-store-scratch v1.7.2/go.mod h1:rtIoB34tqL3kUOK+LsLTAHfynxLR8pGScy0lmQmpbKc=
github.com/wealdtech/go-eth2-wallet-types/v2 v2.11.0 h1:yX9+FfUXvPDvZ8Q5bhF+64AWrQwh4a3/HpfTx99DnZc=
github.com/wealdtech/go-eth2-wallet-types/v2 v2.11.0/go.mod h1:UVP9YFcnPiIzHqbmCMW3qrQ3TK5FOqr1fmKqNT9JGr8=
github.com/wealdtech/go-indexer v1.1.0 h1:vn4gY7nSYSLe0sXVauJgyHvK4NXiDrLKBYYYKWypahk=
github.com/wealdtech/go-indexer v1.1.0/go.mod h1:lEFTda1rul1EwWIX3QqXq/KW0tnEEhC41Lup06V7Tlo=
github.com/yuin/goldmark v1.4.13/go.mod h1:6yULJ656Px+3vBD8DxQVa3kxgyrAnzto9xy5taEt/CY=
golang.org/x/crypto v0.0.0-20190308221718-c2843e01d9a2/go.mod h1:djNgcEr1/C05ACkg1iLfiJU5Ep61QUkGW8qpdssI0+w=
golang.org/x/crypto v0.0.0-20210921155107-089bfa567519/go.mod h1:GvvjBRRGRdwPK5ydBHafDWAxML/pGHZbMvKqRZ5+Abc=
golang.org/x/crypto v0.11.0 h1:6Ewdq3tDic1mg5xRO4milcWCfMVQhI4NkqWWvqejpuA=
golang.org/x/crypto v0.11.0/go.mod h1:xgJhtzW8F9jGdVFWZESrid1U1bjeNy4zgy5cRr/CIio=
golang.org/x/mod v0.6.0-dev.0.20220419223038-86c51ed26bb4/go.mod h1:jJ57K6gSWd91VN4djpZkiMVwK6gcyfeH4XE8wZrZaV4=
golang.org/x/net v0.0.0-20190620200207-3b0461eec859/go.mod h1:z5CRVTTTmAJ677TzLLGU+0bjPO0LkuOLi4/5GtJWs/s=
golang.org/x/net v0.0.0-20210226172049-e18ecbb05110/go.mod h1:m0MpNAwzfU5UDzcl9v0D8zg8gWTRqZa9RBIspLL5mdg=
golang.org/x/net v0.0.0-20220722155237-a158d28d115b/go.mod h1:XRhObCWvk6IyKnWLug+ECip1KBveYUHfp+8e9klMJ9c=
golang.org/x/net v0.1.0/go.mod h1:Cx3nUiGt4eDBEyega/BKRp+/AlGL8hYe7U9odMt2Cco=
golang.org/x/net v0.10.0 h1:X2//UzNDwYmtCLn7To6G58Wr6f5ahEAQgKNzv9Y951M=
golang.org/x/sync v0.0.0-20190423024810-112230192c58/go.mod h1:RxMgew5VJxzue5/jJTE5uejpjVlOe/izrB70Jof72aM=
golang.org/x/sync v0.0.0-20220722155255-886fb9371eb4/go.mod h1:RxMgew5VJxzue5/jJTE5uejpjVlOe/izrB70Jof72aM=
golang.org/x/sys v0.0.0-20190215142949-d0b11bdaac8a/go.mod h1:STP8DvDyc/dI5b8T5hshtkjS+E42TnysNCUPdjciGhY=
golang.org/x/sys v0.0.0-20201119102817-f84b799fce68/go.mod h1:h1NjWce9XRLGQEsW7wpKNCjG9DtNlClVuFLEZdDNbEs=
golang.org/x/sys v0.0.0-20210615035016-665e8c7367d1/go.mod h1:oPkhp1MJrh7nUepCBck5+mAzfO9JrbApNNgaTdGDITg=
golang.org/x/sys v0.0.0-20220520151302-bc2c85ada10a/go.mod h1:oPkhp1MJrh7nUepCBck5+mAzfO9JrbApNNgaTdGDITg=
golang.org/x/sys v0.0.0-20220722155257-8c9f86f7a55f/go.mod h1:oPkhp1MJrh7nUepCBck5+mAzfO9JrbApNNgaTdGDITg=
golang.org/x/sys v0.1.0/go.mod h1:oPkhp1MJrh7nUepCBck5+mAzfO9JrbApNNgaTdGDITg=
golang.org/x/sys v0.5.0/go.mod h1:oPkhp1MJrh7nUepCBck5+mAzfO9JrbApNNgaTdGDITg=
golang.org/x/sys v0.10.0 h1:SqMFp9UcQJZa+pmYuAKjd9xq1f0j5rLcDIk0mj4qAsA=
golang.org/x/sys v0.10.0/go.mod h1:oPkhp1MJrh7nUepCBck5+mAzfO9JrbApNNgaTdGDITg=
golang.org/x/term v0.0.0-20201126162022-7de9c90e9dd1/go.mod h1:bj7SfCRtBDWHUb9snDiAeCFNEtKQo2Wmx5Cou7ajbmo=
golang.org/x/term v0.0.0-20210927222741-03fcf44c2211/go.mod h1:jbD1KX2456YbFQfuXm/mYQcufACuNUgVhRMnK/tPxf8=
golang.org/x/term v0.1.0/go.mod h1:jbD1KX2456YbFQfuXm/mYQcufACuNUgVhRMnK/tPxf8=
golang.org/x/text v0.3.0/go.mod h1:NqM8EUOU14njkJ3fqMW+pc6Ldnwhi/IjpwHt7yyuwOQ=
golang.org/x/text v0.3.3/go.mod h1:5Zoc/QRtKVWzQhOtBMvqHzDpF6irO9z98xDceosuGiQ=
golang.org/x/text v0.3.7/go.mod h1:u+2+/6zg+i71rQMx5EYifcz6MCKuco9NR6JIITiCfzQ=
golang.org/x/text v0.4.0/go.mod h1:mrYo+phRRbMaCq/xk9113O4dZlRixOauAjOtrjsXDZ8=
golang.org/x/text v0.11.0 h1:LAntKIrcmeSKERyiOh0XMV39LXS8IE9UL2yP7+f5ij4=
golang.org/x/text v0.11.0/go.mod h1:TvPlkZtksWOMsz7fbANvkp4WM8x/WCo/om8BMLbz+aE=
golang.org/x/tools v0.0.0-20180917221912-90fa682c2a6e/go.mod h1:n7NCudcB/nEzxVGmLbDWY5pfWTLqBcC2KZ6jyYvM4mQ=
golang.org/x/tools v0.0.0-20191119224855-298f0cb1881e/go.mod h1:b+2E5dAYhXwXZwtnZ6UAqBI28+e2cm9otk0dWdXHAEo=
golang.org/x/tools v0.1.12/go.mod h1:hNGJHUnrk76NpqgfD5Aqm5Crs+Hm0VOH/i9J2+nxYbc=
golang.org/x/xerrors v0.0.0-20190717185122-a985d3407aa7/go.mod h1:I/5z698sn9Ka8TeJc9MKroUUfqBBauWjQqLJ2OPfmY0=
gopkg.in/check.v1 v0.0.0-20161208181325-20d25e280405 h1:yhCVgyC4o1eVCa2tZl7eS0r+SDo693bJlVdllGtEeKM=
gopkg.in/check.v1 v0.0.0-20161208181325-20d25e280405/go.mod h1:Co6ibVJAznAaIkqp8huTwlJQCZ016jof/cbN4VW5Yz0=
gopkg.in/yaml.v2 v2.2.8/go.mod h1:hI93XBmqTisBFMUTm0b8Fm+jr3Dg1NNxqwp+5A1VGuI=
gopkg.in/yaml.v2 v2.4.0 h1:D8xgwECY7CYvx+Y2n4sBz93Jn9JRvxdiyyo8CTfuKaY=
gopkg.in/yaml.v2 v2.4.0/go.mod h1:RDklbk79AGWmwhnvt/jBztapEOGDOx6ZbXqjP6csGnQ=
gopkg.in/yaml.v3 v3.0.1 h1:fxVm/GzAzEWqLHuvctI91KS9hhNmmWOoWu0XTYJS7CA=
gopkg.in/yaml.v3 v3.0.1/go.mod h1:K4uyk7z7BCEPqu6E+C64Yfv1cQ7kz7rIZviUmN+EgEM=
gotest.tools v2.2.0+incompatible h1:VsBPFP1AI068pPrMxtb/S8Zkgf9xEmTLJjfM+P5UIEo=
gotest.tools v2.2.0+incompatible/go.mod h1:DsYFclhRJ6vuDpmuTbkuFWG+y2sxOXAzmJt81HFBacw=
